
Microsoft Visual Studio Solution File, Format Version 12.00
# Visual Studio Version 17
VisualStudioVersion = 17.4.33205.214
MinimumVisualStudioVersion = 10.0.40219.1
Project("{FAE04EC0-301F-11D3-BF4B-00C04F79EFBC}") = "Proje", "ibonunProjesi\Proje.csproj", "{E94FF602-2E23-4FB1-B644-C66BB27FC670}"
EndProject
Global
	GlobalSection(SolutionConfigurationPlatforms) = preSolution
		Debug|Any CPU = Debug|Any CPU
		Release|Any CPU = Release|Any CPU
	EndGlobalSection
	GlobalSection(ProjectConfigurationPlatforms) = postSolution
		{E94FF602-2E23-4FB1-B644-C66BB27FC670}.Debug|Any CPU.ActiveCfg = Debug|Any CPU
		{E94FF602-2E23-4FB1-B644-C66BB27FC670}.Debug|Any CPU.Build.0 = Debug|Any CPU
		{E94FF602-2E23-4FB1-B644-C66BB27FC670}.Release|Any CPU.ActiveCfg = Release|Any CPU
		{E94FF602-2E23-4FB1-B644-C66BB27FC670}.Release|Any CPU.Build.0 = Release|Any CPU
	EndGlobalSection
	GlobalSection(SolutionProperties) = preSolution
		HideSolutionNode = FALSE
	EndGlobalSection
	GlobalSection(ExtensibilityGlobals) = postSolution
		SolutionGuid = {A448FB3E-14D6-4136-8F7C-3432D3DD48F3}
	EndGlobalSection
EndGlobal
